
Microsoft Visual Studio Solution File, Format Version 11.00
# Visual Studio 2010
Project("{FAE04EC0-301F-11D3-BF4B-00C04F79EFBC}") = "NewsFeedInput", "NewsFeedInput\NewsFeedInput.csproj", "{D4610199-B0ED-4E23-8318-D67B8B15773C}"
EndProject
Global
	GlobalSection(SolutionConfigurationPlatforms) = preSolution
		Debug|Any CPU = Debug|Any CPU
		Release|Any CPU = Release|Any CPU
	EndGlobalSection
	GlobalSection(ProjectConfigurationPlatforms) = postSolution
		{D4610199-B0ED-4E23-8318-D67B8B15773C}.Debug|Any CPU.ActiveCfg = Debug|Any CPU
		{D4610199-B0ED-4E23-8318-D67B8B15773C}.Debug|Any CPU.Build.0 = Debug|Any CPU
		{D4610199-B0ED-4E23-8318-D67B8B15773C}.Release|Any CPU.ActiveCfg = Release|Any CPU
		{D4610199-B0ED-4E23-8318-D67B8B15773C}.Release|Any CPU.Build.0 = Release|Any CPU
	EndGlobalSection
	GlobalSection(SolutionProperties) = preSolution
		HideSolutionNode = FALSE
	EndGlobalSection
EndGlobal
